
Microsoft Visual Studio Solution File, Format Version 12.00
# Visual Studio Version 17
VisualStudioVersion = 17.1.32421.90
MinimumVisualStudioVersion = 10.0.40219.1
Project("{FAE04EC0-301F-11D3-BF4B-00C04F79EFBC}") = "Lab1Var58", "Lab1Var58\Lab1Var58.csproj", "{57DF9F6A-122A-49BC-9234-DAC5264E9457}"
EndProject
Project("{2150E333-8FDC-42A3-9474-1A3956D46DE8}") = "Элементы решения", "Элементы решения", "{B834B96C-6F84-437D-9EAF-F892532197B1}"
	ProjectSection(SolutionItems) = preProject
		Lab1Var58\Coordinates.txt = Lab1Var58\Coordinates.txt
		Lab1Var58\Задача_1.pdf = Lab1Var58\Задача_1.pdf
	EndProjectSection
EndProject
Global
	GlobalSection(SolutionConfigurationPlatforms) = preSolution
		Debug|Any CPU = Debug|Any CPU
		Release|Any CPU = Release|Any CPU
	EndGlobalSection
	GlobalSection(ProjectConfigurationPlatforms) = postSolution
		{57DF9F6A-122A-49BC-9234-DAC5264E9457}.Debug|Any CPU.ActiveCfg = Debug|Any CPU
		{57DF9F6A-122A-49BC-9234-DAC5264E9457}.Debug|Any CPU.Build.0 = Debug|Any CPU
		{57DF9F6A-122A-49BC-9234-DAC5264E9457}.Release|Any CPU.ActiveCfg = Release|Any CPU
		{57DF9F6A-122A-49BC-9234-DAC5264E9457}.Release|Any CPU.Build.0 = Release|Any CPU
	EndGlobalSection
	GlobalSection(SolutionProperties) = preSolution
		HideSolutionNode = FALSE
	EndGlobalSection
	GlobalSection(ExtensibilityGlobals) = postSolution
		SolutionGuid = {1AAEEF32-7751-4705-90FD-1C8904AC3A80}
	EndGlobalSection
EndGlobal
